// !$*UTF8*$!
{
	archiveVersion = 1;
	classes = {
	};
	objectVersion = 55;
	objects = {

/* Begin PBXBuildFile section */
		62C69EA528295B60004B8AE2 /* UI_1App.swift in Sources */ = {isa = PBXBuildFile; fileRef = 62C69EA428295B60004B8AE2 /* UI_1App.swift */; };
		62C69EA728295B60004B8AE2 /* ContentView.swift in Sources */ = {isa = PBXBuildFile; fileRef = 62C69EA628295B60004B8AE2 /* ContentView.swift */; };
		62C69EA928295B61004B8AE2 /* Assets.xcassets in Resources */ = {isa = PBXBuildFile; fileRef = 62C69EA828295B61004B8AE2 /* Assets.xcassets */; };
		62C69EAC28295B61004B8AE2 /* Preview Assets.xcassets in Resources */ = {isa = PBXBuildFile; fileRef = 62C69EAB28295B61004B8AE2 /* Preview Assets.xcassets */; };
		62C69EB628295B62004B8AE2 /* UI_1Tests.swift in Sources */ = {isa = PBXBuildFile; fileRef = 62C69EB528295B62004B8AE2 /* UI_1Tests.swift */; };
		62C69EC028295B62004B8AE2 /* UI_1UITests.swift in Sources */ = {isa = PBXBuildFile; fileRef = 62C69EBF28295B62004B8AE2 /* UI_1UITests.swift */; };
		62C69EC228295B62004B8AE2 /* UI_1UITestsLaunchTests.swift in Sources */ = {isa = PBXBuildFile; fileRef = 62C69EC128295B62004B8AE2 /* UI_1UITestsLaunchTests.swift */; };
		62FF02DA282990A300A53272 /* someButtonView.swift in Sources */ = {isa = PBXBuildFile; fileRef = 62FF02D9282990A300A53272 /* someButtonView.swift */; };
/* End PBXBuildFile section */

/* Begin PBXContainerItemProxy section */
		62C69EB228295B62004B8AE2 /* PBXContainerItemProxy */ = {
			isa = PBXContainerItemProxy;
			containerPortal = 62C69E9928295B60004B8AE2 /* Project object */;
			proxyType = 1;
			remoteGlobalIDString = 62C69EA028295B60004B8AE2;
			remoteInfo = UI_1;
		};
		62C69EBC28295B62004B8AE2 /* PBXContainerItemProxy */ = {
			isa = PBXContainerItemProxy;
			containerPortal = 62C69E9928295B60004B8AE2 /* Project object */;
			proxyType = 1;
			remoteGlobalIDString = 62C69EA028295B60004B8AE2;
			remoteInfo = UI_1;
		};
/* End PBXContainerItemProxy section */

/* Begin PBXFileReference section */
		62C69EA128295B60004B8AE2 /* UI_1.app */ = {isa = PBXFileReference; explicitFileType = wrapper.application; includeInIndex = 0; path = UI_1.app; sourceTree = BUILT_PRODUCTS_DIR; };
		62C69EA428295B60004B8AE2 /* UI_1App.swift */ = {isa = PBXFileReference; lastKnownFileType = sourcecode.swift; path = UI_1App.swift; sourceTree = "<group>"; };
		62C69EA628295B60004B8AE2 /* ContentView.swift */ = {isa = PBXFileReference; lastKnownFileType = sourcecode.swift; path = ContentView.swift; sourceTree = "<group>"; };
		62C69EA828295B61004B8AE2 /* Assets.xcassets */ = {isa = PBXFileReference; lastKnownFileType = folder.assetcatalog; path = Assets.xcassets; sourceTree = "<group>"; };
		62C69EAB28295B61004B8AE2 /* Preview Assets.xcassets */ = {isa = PBXFileReference; lastKnownFileType = folder.assetcatalog; path = "Preview Assets.xcassets"; sourceTree = "<group>"; };
		62C69EB128295B62004B8AE2 /* UI_1Tests.xctest */ = {isa = PBXFileReference; explicitFileType = wrapper.cfbundle; includeInIndex = 0; path = UI_1Tests.xctest; sourceTree = BUILT_PRODUCTS_DIR; };
		62C69EB528295B62004B8AE2 /* UI_1Tests.swift */ = {isa = PBXFileReference; lastKnownFileType = sourcecode.swift; path = UI_1Tests.swift; sourceTree = "<group>"; };
		62C69EBB28295B62004B8AE2 /* UI_1UITests.xctest */ = {isa = PBXFileReference; explicitFileType = wrapper.cfbundle; includeInIndex = 0; path = UI_1UITests.xctest; sourceTree = BUILT_PRODUCTS_DIR; };
		62C69EBF28295B62004B8AE2 /* UI_1UITests.swift */ = {isa = PBXFileReference; lastKnownFileType = sourcecode.swift; path = UI_1UITests.swift; sourceTree = "<group>"; };
		62C69EC128295B62004B8AE2 /* UI_1UITestsLaunchTests.swift */ = {isa = PBXFileReference; lastKnownFileType = sourcecode.swift; path = UI_1UITestsLaunchTests.swift; sourceTree = "<group>"; };
		62FF02D9282990A300A53272 /* someButtonView.swift */ = {isa = PBXFileReference; lastKnownFileType = sourcecode.swift; path = someButtonView.swift; sourceTree = "<group>"; };
/* End PBXFileReference section */

/* Begin PBXFrameworksBuildPhase section */
		62C69E9E28295B60004B8AE2 /* Frameworks */ = {
			isa = PBXFrameworksBuildPhase;
			buildActionMask = 2147483647;
			files = (
			);
			runOnlyForDeploymentPostprocessing = 0;
		};
		62C69EAE28295B62004B8AE2 /* Frameworks */ = {
			isa = PBXFrameworksBuildPhase;
			buildActionMask = 2147483647;
			files = (
			);
			runOnlyForDeploymentPostprocessing = 0;
		};
		62C69EB828295B62004B8AE2 /* Frameworks */ = {
			isa = PBXFrameworksBuildPhase;
			buildActionMask = 2147483647;
			files = (
			);
			runOnlyForDeploymentPostprocessing = 0;
		};
/* End PBXFrameworksBuildPhase section */

/* Begin PBXGroup section */
		62C69E9828295B60004B8AE2 = {
			isa = PBXGroup;
			children = (
				62C69EA328295B60004B8AE2 /* UI_1 */,
				62C69EB428295B62004B8AE2 /* UI_1Tests */,
				62C69EBE28295B62004B8AE2 /* UI_1UITests */,
				62C69EA228295B60004B8AE2 /* Products */,
			);
			sourceTree = "<group>";
		};
		62C69EA228295B60004B8AE2 /* Products */ = {
			isa = PBXGroup;
			children = (
				62C69EA128295B60004B8AE2 /* UI_1.app */,
				62C69EB128295B62004B8AE2 /* UI_1Tests.xctest */,
				62C69EBB28295B62004B8AE2 /* UI_1UITests.xctest */,
			);
			name = Products;
			sourceTree = "<group>";
		};
		62C69EA328295B60004B8AE2 /* UI_1 */ = {
			isa = PBXGroup;
			children = (
				62C69EA428295B60004B8AE2 /* UI_1App.swift */,
				62C69EA628295B60004B8AE2 /* ContentView.swift */,
				62C69EA828295B61004B8AE2 /* Assets.xcassets */,
				62C69EAA28295B61004B8AE2 /* Preview Content */,
			);
			path = UI_1;
			sourceTree = "<group>";
		};
		62C69EAA28295B61004B8AE2 /* Preview Content */ = {
			isa = PBXGroup;
			children = (
				62C69EAB28295B61004B8AE2 /* Preview Assets.xcassets */,
				62FF02D9282990A300A53272 /* someButtonView.swift */,
			);
			path = "Preview Content";
			sourceTree = "<group>";
		};
		62C69EB428295B62004B8AE2 /* UI_1Tests */ = {
			isa = PBXGroup;
			children = (
				62C69EB528295B62004B8AE2 /* UI_1Tests.swift */,
			);
			path = UI_1Tests;
			sourceTree = "<group>";
		};
		62C69EBE28295B62004B8AE2 /* UI_1UITests */ = {
			isa = PBXGroup;
			children = (
				62C69EBF28295B62004B8AE2 /* UI_1UITests.swift */,
				62C69EC128295B62004B8AE2 /* UI_1UITestsLaunchTests.swift */,
			);
			path = UI_1UITests;
			sourceTree = "<group>";
		};
/* End PBXGroup section */

/* Begin PBXNativeTarget section */
		62C69EA028295B60004B8AE2 /* UI_1 */ = {
			isa = PBXNativeTarget;
			buildConfigurationList = 62C69EC528295B62004B8AE2 /* Build configuration list for PBXNativeTarget "UI_1" */;
			buildPhases = (
				62C69E9D28295B60004B8AE2 /* Sources */,
				62C69E9E28295B60004B8AE2 /* Frameworks */,
				62C69E9F28295B60004B8AE2 /* Resources */,
			);
			buildRules = (
			);
			dependencies = (
			);
			name = UI_1;
			productName = UI_1;
			productReference = 62C69EA128295B60004B8AE2 /* UI_1.app */;
			productType = "com.apple.product-type.application";
		};
		62C69EB028295B62004B8AE2 /* UI_1Tests */ = {
			isa = PBXNativeTarget;
			buildConfigurationList = 62C69EC828295B62004B8AE2 /* Build configuration list for PBXNativeTarget "UI_1Tests" */;
			buildPhases = (
				62C69EAD28295B62004B8AE2 /* Sources */,
				62C69EAE28295B62004B8AE2 /* Frameworks */,
				62C69EAF28295B62004B8AE2 /* Resources */,
			);
			buildRules = (
			);
			dependencies = (
				62C69EB328295B62004B8AE2 /* PBXTargetDependency */,
			);
			name = UI_1Tests;
			productName = UI_1Tests;
			productReference = 62C69EB128295B62004B8AE2 /* UI_1Tests.xctest */;
			productType = "com.apple.product-type.bundle.unit-test";
		};
		62C69EBA28295B62004B8AE2 /* UI_1UITests */ = {
			isa = PBXNativeTarget;
			buildConfigurationList = 62C69ECB28295B62004B8AE2 /* Build configuration list for PBXNativeTarget "UI_1UITests" */;
			buildPhases = (
				62C69EB728295B62004B8AE2 /* Sources */,
				62C69EB828295B62004B8AE2 /* Frameworks */,
				62C69EB928295B62004B8AE2 /* Resources */,
			);
			buildRules = (
			);
			dependencies = (
				62C69EBD28295B62004B8AE2 /* PBXTargetDependency */,
			);
			name = UI_1UITests;
			productName = UI_1UITests;
			productReference = 62C69EBB28295B62004B8AE2 /* UI_1UITests.xctest */;
			productType = "com.apple.product-type.bundle.ui-testing";
		};
/* End PBXNativeTarget section */

/* Begin PBXProject section */
		62C69E9928295B60004B8AE2 /* Project object */ = {
			isa = PBXProject;
			attributes = {
				BuildIndependentTargetsInParallel = 1;
				LastSwiftUpdateCheck = 1330;
				LastUpgradeCheck = 1330;
				TargetAttributes = {
					62C69EA028295B60004B8AE2 = {
						CreatedOnToolsVersion = 13.3.1;
					};
					62C69EB028295B62004B8AE2 = {
						CreatedOnToolsVersion = 13.3.1;
						TestTargetID = 62C69EA028295B60004B8AE2;
					};
					62C69EBA28295B62004B8AE2 = {
						CreatedOnToolsVersion = 13.3.1;
						TestTargetID = 62C69EA028295B60004B8AE2;
					};
				};
			};
			buildConfigurationList = 62C69E9C28295B60004B8AE2 /* Build configuration list for PBXProject "UI_1" */;
			compatibilityVersion = "Xcode 13.0";
			developmentRegion = en;
			hasScannedForEncodings = 0;
			knownRegions = (
				en,
				Base,
			);
			mainGroup = 62C69E9828295B60004B8AE2;
			productRefGroup = 62C69EA228295B60004B8AE2 /* Products */;
			projectDirPath = "";
			projectRoot = "";
			targets = (
				62C69EA028295B60004B8AE2 /* UI_1 */,
				62C69EB028295B62004B8AE2 /* UI_1Tests */,
				62C69EBA28295B62004B8AE2 /* UI_1UITests */,
			);
		};
/* End PBXProject section */

/* Begin PBXResourcesBuildPhase section */
		62C69E9F28295B60004B8AE2 /* Resources */ = {
			isa = PBXResourcesBuildPhase;
			buildActionMask = 2147483647;
			files = (
				62C69EAC28295B61004B8AE2 /* Preview Assets.xcassets in Resources */,
				62C69EA928295B61004B8AE2 /* Assets.xcassets in Resources */,
			);
			runOnlyForDeploymentPostprocessing = 0;
		};
		62C69EAF28295B62004B8AE2 /* Resources */ = {
			isa = PBXResourcesBuildPhase;
			buildActionMask = 2147483647;
			files = (
			);
			runOnlyForDeploymentPostprocessing = 0;
		};
		62C69EB928295B62004B8AE2 /* Resources */ = {
			isa = PBXResourcesBuildPhase;
			buildActionMask = 2147483647;
			files = (
			);
			runOnlyForDeploymentPostprocessing = 0;
		};
/* End PBXResourcesBuildPhase section */

/* Begin PBXSourcesBuildPhase section */
		62C69E9D28295B60004B8AE2 /* Sources */ = {
			isa = PBXSourcesBuildPhase;
			buildActionMask = 2147483647;
			files = (
				62C69EA728295B60004B8AE2 /* ContentView.swift in Sources */,
				62C69EA528295B60004B8AE2 /* UI_1App.swift in Sources */,
				62FF02DA282990A300A53272 /* someButtonView.swift in Sources */,
			);
			runOnlyForDeploymentPostprocessing = 0;
		};
		62C69EAD28295B62004B8AE2 /* Sources */ = {
			isa = PBXSourcesBuildPhase;
			buildActionMask = 2147483647;
			files = (
				62C69EB628295B62004B8AE2 /* UI_1Tests.swift in Sources */,
			);
			runOnlyForDeploymentPostprocessing = 0;
		};
		62C69EB728295B62004B8AE2 /* Sources */ = {
			isa = PBXSourcesBuildPhase;
			buildActionMask = 2147483647;
			files = (
				62C69EC228295B62004B8AE2 /* UI_1UITestsLaunchTests.swift in Sources */,
				62C69EC028295B62004B8AE2 /* UI_1UITests.swift in Sources */,
			);
			runOnlyForDeploymentPostprocessing = 0;
		};
/* End PBXSourcesBuildPhase section */

/* Begin PBXTargetDependency section */
		62C69EB328295B62004B8AE2 /* PBXTargetDependency */ = {
			isa = PBXTargetDependency;
			target = 62C69EA028295B60004B8AE2 /* UI_1 */;
			targetProxy = 62C69EB228295B62004B8AE2 /* PBXContainerItemProxy */;
		};
		62C69EBD28295B62004B8AE2 /* PBXTargetDependency */ = {
			isa = PBXTargetDependency;
			target = 62C69EA028295B60004B8AE2 /* UI_1 */;
			targetProxy = 62C69EBC28295B62004B8AE2 /* PBXContainerItemProxy */;
		};
/* End PBXTargetDependency section */

/* Begin XCBuildConfiguration section */
		62C69EC328295B62004B8AE2 /* Debug */ = {
			isa = XCBuildConfiguration;
			buildSettings = {
				ALWAYS_SEARCH_USER_PATHS = NO;
				CLANG_ANALYZER_NONNULL = YES;
				CLANG_ANALYZER_NUMBER_OBJECT_CONVERSION = YES_AGGRESSIVE;
				CLANG_CXX_LANGUAGE_STANDARD = "gnu++17";
				CLANG_ENABLE_MODULES = YES;
				CLANG_ENABLE_OBJC_ARC = YES;
				CLANG_ENABLE_OBJC_WEAK = YES;
				CLANG_WARN_BLOCK_CAPTURE_AUTORELEASING = YES;
				CLANG_WARN_BOOL_CONVERSION = YES;
				CLANG_WARN_COMMA = YES;
				CLANG_WARN_CONSTANT_CONVERSION = YES;
				CLANG_WARN_DEPRECATED_OBJC_IMPLEMENTATIONS = YES;
				CLANG_WARN_DIRECT_OBJC_ISA_USAGE = YES_ERROR;
				CLANG_WARN_DOCUMENTATION_COMMENTS = YES;
				CLANG_WARN_EMPTY_BODY = YES;
				CLANG_WARN_ENUM_CONVERSION = YES;
				CLANG_WARN_INFINITE_RECURSION = YES;
				CLANG_WARN_INT_CONVERSION = YES;
				CLANG_WARN_NON_LITERAL_NULL_CONVERSION = YES;
				CLANG_WARN_OBJC_IMPLICIT_RETAIN_SELF = YES;
				CLANG_WARN_OBJC_LITERAL_CONVERSION = YES;
				CLANG_WARN_OBJC_ROOT_CLASS = YES_ERROR;
				CLANG_WARN_QUOTED_INCLUDE_IN_FRAMEWORK_HEADER = YES;
				CLANG_WARN_RANGE_LOOP_ANALYSIS = YES;
				CLANG_WARN_STRICT_PROTOTYPES = YES;
				CLANG_WARN_SUSPICIOUS_MOVE = YES;
				CLANG_WARN_UNGUARDED_AVAILABILITY = YES_AGGRESSIVE;
				CLANG_WARN_UNREACHABLE_CODE = YES;
				CLANG_WARN__DUPLICATE_METHOD_MATCH = YES;
				COPY_PHASE_STRIP = NO;
				DEBUG_INFORMATION_FORMAT = dwarf;
				ENABLE_STRICT_OBJC_MSGSEND = YES;
				ENABLE_TESTABILITY = YES;
				GCC_C_LANGUAGE_STANDARD = gnu11;
				GCC_DYNAMIC_NO_PIC = NO;
				GCC_NO_COMMON_BLOCKS = YES;
				GCC_OPTIMIZATION_LEVEL = 0;
				GCC_PREPROCESSOR_DEFINITIONS = (
					"DEBUG=1",
					"$(inherited)",
				);
				GCC_WARN_64_TO_32_BIT_CONVERSION = YES;
				GCC_WARN_ABOUT_RETURN_TYPE = YES_ERROR;
				GCC_WARN_UNDECLARED_SELECTOR = YES;
				GCC_WARN_UNINITIALIZED_AUTOS = YES_AGGRESSIVE;
				GCC_WARN_UNUSED_FUNCTION = YES;
				GCC_WARN_UNUSED_VARIABLE = YES;
				IPHONEOS_DEPLOYMENT_TARGET = 15.4;
				MTL_ENABLE_DEBUG_INFO = INCLUDE_SOURCE;
				MTL_FAST_MATH = YES;
				ONLY_ACTIVE_ARCH = YES;
				SDKROOT = iphoneos;
				SWIFT_ACTIVE_COMPILATION_CONDITIONS = DEBUG;
				SWIFT_OPTIMIZATION_LEVEL = "-Onone";
			};
			name = Debug;
		};
		62C69EC428295B62004B8AE2 /* Release */ = {
			isa = XCBuildConfiguration;
			buildSettings = {
				ALWAYS_SEARCH_USER_PATHS = NO;
				CLANG_ANALYZER_NONNULL = YES;
				CLANG_ANALYZER_NUMBER_OBJECT_CONVERSION = YES_AGGRESSIVE;
				CLANG_CXX_LANGUAGE_STANDARD = "gnu++17";
				CLANG_ENABLE_MODULES = YES;
				CLANG_ENABLE_OBJC_ARC = YES;
				CLANG_ENABLE_OBJC_WEAK = YES;
				CLANG_WARN_BLOCK_CAPTURE_AUTORELEASING = YES;
				CLANG_WARN_BOOL_CONVERSION = YES;
				CLANG_WARN_COMMA = YES;
				CLANG_WARN_CONSTANT_CONVERSION = YES;
				CLANG_WARN_DEPRECATED_OBJC_IMPLEMENTATIONS = YES;
				CLANG_WARN_DIRECT_OBJC_ISA_USAGE = YES_ERROR;
				CLANG_WARN_DOCUMENTATION_COMMENTS = YES;
				CLANG_WARN_EMPTY_BODY = YES;
				CLANG_WARN_ENUM_CONVERSION = YES;
				CLANG_WARN_INFINITE_RECURSION = YES;
				CLANG_WARN_INT_CONVERSION = YES;
				CLANG_WARN_NON_LITERAL_NULL_CONVERSION = YES;
				CLANG_WARN_OBJC_IMPLICIT_RETAIN_SELF = YES;
				CLANG_WARN_OBJC_LITERAL_CONVERSION = YES;
				CLANG_WARN_OBJC_ROOT_CLASS = YES_ERROR;
				CLANG_WARN_QUOTED_INCLUDE_IN_FRAMEWORK_HEADER = YES;
				CLANG_WARN_RANGE_LOOP_ANALYSIS = YES;
				CLANG_WARN_STRICT_PROTOTYPES = YES;
				CLANG_WARN_SUSPICIOUS_MOVE = YES;
				CLANG_WARN_UNGUARDED_AVAILABILITY = YES_AGGRESSIVE;
				CLANG_WARN_UNREACHABLE_CODE = YES;
				CLANG_WARN__DUPLICATE_METHOD_MATCH = YES;
				COPY_PHASE_STRIP = NO;
				DEBUG_INFORMATION_FORMAT = "dwarf-with-dsym";
				ENABLE_NS_ASSERTIONS = NO;
				ENABLE_STRICT_OBJC_MSGSEND = YES;
				GCC_C_LANGUAGE_STANDARD = gnu11;
				GCC_NO_COMMON_BLOCKS = YES;
				GCC_WARN_64_TO_32_BIT_CONVERSION = YES;
				GCC_WARN_ABOUT_RETURN_TYPE = YES_ERROR;
				GCC_WARN_UNDECLARED_SELECTOR = YES;
				GCC_WARN_UNINITIALIZED_AUTOS = YES_AGGRESSIVE;
				GCC_WARN_UNUSED_FUNCTION = YES;
				GCC_WARN_UNUSED_VARIABLE = YES;
				IPHONEOS_DEPLOYMENT_TARGET = 15.4;
				MTL_ENABLE_DEBUG_INFO = NO;
				MTL_FAST_MATH = YES;
				SDKROOT = iphoneos;
				SWIFT_COMPILATION_MODE = wholemodule;
				SWIFT_OPTIMIZATION_LEVEL = "-O";
				VALIDATE_PRODUCT = YES;
			};
			name = Release;
		};
		62C69EC628295B62004B8AE2 /* Debug */ = {
			isa = XCBuildConfiguration;
			buildSettings = {
				ASSETCATALOG_COMPILER_APPICON_NAME = AppIcon;
				ASSETCATALOG_COMPILER_GLOBAL_ACCENT_COLOR_NAME = AccentColor;
				CODE_SIGN_STYLE = Automatic;
				CURRENT_PROJECT_VERSION = 1;
				DEVELOPMENT_ASSET_PATHS = "\"UI_1/Preview Content\"";
				DEVELOPMENT_TEAM = 8JNHMF9MWK;
				ENABLE_PREVIEWS = YES;
				GENERATE_INFOPLIST_FILE = YES;
				INFOPLIST_KEY_UIApplicationSceneManifest_Generation = YES;
				INFOPLIST_KEY_UIApplicationSupportsIndirectInputEvents = YES;
				INFOPLIST_KEY_UILaunchScreen_Generation = YES;
				INFOPLIST_KEY_UISupportedInterfaceOrientations_iPad = "UIInterfaceOrientationPortrait UIInterfaceOrientationPortraitUpsideDown UIInterfaceOrientationLandscapeLeft UIInterfaceOrientationLandscapeRight";
				INFOPLIST_KEY_UISupportedInterfaceOrientations_iPhone = "UIInterfaceOrientationPortrait UIInterfaceOrientationLandscapeLeft UIInterfaceOrientationLandscapeRight";
				LD_RUNPATH_SEARCH_PATHS = (
					"$(inherited)",
					"@executable_path/Frameworks",
				);
				MARKETING_VERSION = 1.0;
				PRODUCT_BUNDLE_IDENTIFIER = "AR.UI-1";
				PRODUCT_NAME = "$(TARGET_NAME)";
				SWIFT_EMIT_LOC_STRINGS = YES;
				SWIFT_VERSION = 5.0;
				TARGETED_DEVICE_FAMILY = "1,2";
			};
			name = Debug;
		};
		62C69EC728295B62004B8AE2 /* Release */ = {
			isa = XCBuildConfiguration;
			buildSettings = {
				ASSETCATALOG_COMPILER_APPICON_NAME = AppIcon;
				ASSETCATALOG_COMPILER_GLOBAL_ACCENT_COLOR_NAME = AccentColor;
				CODE_SIGN_STYLE = Automatic;
				CURRENT_PROJECT_VERSION = 1;
				DEVELOPMENT_ASSET_PATHS = "\"UI_1/Preview Content\"";
				DEVELOPMENT_TEAM = 8JNHMF9MWK;
				ENABLE_PREVIEWS = YES;
				GENERATE_INFOPLIST_FILE = YES;
				INFOPLIST_KEY_UIApplicationSceneManifest_Generation = YES;
				INFOPLIST_KEY_UIApplicationSupportsIndirectInputEvents = YES;
				INFOPLIST_KEY_UILaunchScreen_Generation = YES;
				INFOPLIST_KEY_UISupportedInterfaceOrientations_iPad = "UIInterfaceOrientationPortrait UIInterfaceOrientationPortraitUpsideDown UIInterfaceOrientationLandscapeLeft UIInterfaceOrientationLandscapeRight";
				INFOPLIST_KEY_UISupportedInterfaceOrientations_iPhone = "UIInterfaceOrientationPortrait UIInterfaceOrientationLandscapeLeft UIInterfaceOrientationLandscapeRight";
				LD_RUNPATH_SEARCH_PATHS = (
					"$(inherited)",
					"@executable_path/Frameworks",
				);
				MARKETING_VERSION = 1.0;
				PRODUCT_BUNDLE_IDENTIFIER = "AR.UI-1";
				PRODUCT_NAME = "$(TARGET_NAME)";
				SWIFT_EMIT_LOC_STRINGS = YES;
				SWIFT_VERSION = 5.0;
				TARGETED_DEVICE_FAMILY = "1,2";
			};
			name = Release;
		};
		62C69EC928295B62004B8AE2 /* Debug */ = {
			isa = XCBuildConfiguration;
			buildSettings = {
				ALWAYS_EMBED_SWIFT_STANDARD_LIBRARIES = YES;
				BUNDLE_LOADER = "$(TEST_HOST)";
				CODE_SIGN_STYLE = Automatic;
				CURRENT_PROJECT_VERSION = 1;
				DEVELOPMENT_TEAM = 8JNHMF9MWK;
				GENERATE_INFOPLIST_FILE = YES;
				IPHONEOS_DEPLOYMENT_TARGET = 15.4;
				MARKETING_VERSION = 1.0;
				PRODUCT_BUNDLE_IDENTIFIER = "AR.UI-1Tests";
				PRODUCT_NAME = "$(TARGET_NAME)";
				SWIFT_EMIT_LOC_STRINGS = NO;
				SWIFT_VERSION = 5.0;
				TARGETED_DEVICE_FAMILY = "1,2";
				TEST_HOST = "$(BUILT_PRODUCTS_DIR)/UI_1.app/UI_1";
			};
			name = Debug;
		};
		62C69ECA28295B62004B8AE2 /* Release */ = {
			isa = XCBuildConfiguration;
			buildSettings = {
				ALWAYS_EMBED_SWIFT_STANDARD_LIBRARIES = YES;
				BUNDLE_LOADER = "$(TEST_HOST)";
				CODE_SIGN_STYLE = Automatic;
				CURRENT_PROJECT_VERSION = 1;
				DEVELOPMENT_TEAM = 8JNHMF9MWK;
				GENERATE_INFOPLIST_FILE = YES;
				IPHONEOS_DEPLOYMENT_TARGET = 15.4;
				MARKETING_VERSION = 1.0;
				PRODUCT_BUNDLE_IDENTIFIER = "AR.UI-1Tests";
				PRODUCT_NAME = "$(TARGET_NAME)";
				SWIFT_EMIT_LOC_STRINGS = NO;
				SWIFT_VERSION = 5.0;
				TARGETED_DEVICE_FAMILY = "1,2";
				TEST_HOST = "$(BUILT_PRODUCTS_DIR)/UI_1.app/UI_1";
			};
			name = Release;
		};
		62C69ECC28295B62004B8AE2 /* Debug */ = {
			isa = XCBuildConfiguration;
			buildSettings = {
				ALWAYS_EMBED_SWIFT_STANDARD_LIBRARIES = YES;
				CODE_SIGN_STYLE = Automatic;
				CURRENT_PROJECT_VERSION = 1;
				DEVELOPMENT_TEAM = 8JNHMF9MWK;
				GENERATE_INFOPLIST_FILE = YES;
				MARKETING_VERSION = 1.0;
				PRODUCT_BUNDLE_IDENTIFIER = "AR.UI-1UITests";
				PRODUCT_NAME = "$(TARGET_NAME)";
				SWIFT_EMIT_LOC_STRINGS = NO;
				SWIFT_VERSION = 5.0;
				TARGETED_DEVICE_FAMILY = "1,2";
				TEST_TARGET_NAME = UI_1;
			};
			name = Debug;
		};
		62C69ECD28295B62004B8AE2 /* Release */ = {
			isa = XCBuildConfiguration;
			buildSettings = {
				ALWAYS_EMBED_SWIFT_STANDARD_LIBRARIES = YES;
				CODE_SIGN_STYLE = Automatic;
				CURRENT_PROJECT_VERSION = 1;
				DEVELOPMENT_TEAM = 8JNHMF9MWK;
				GENERATE_INFOPLIST_FILE = YES;
				MARKETING_VERSION = 1.0;
				PRODUCT_BUNDLE_IDENTIFIER = "AR.UI-1UITests";
				PRODUCT_NAME = "$(TARGET_NAME)";
				SWIFT_EMIT_LOC_STRINGS = NO;
				SWIFT_VERSION = 5.0;
				TARGETED_DEVICE_FAMILY = "1,2";
				TEST_TARGET_NAME = UI_1;
			};
			name = Release;
		};
/* End XCBuildConfiguration section */

/* Begin XCConfigurationList section */
		62C69E9C28295B60004B8AE2 /* Build configuration list for PBXProject "UI_1" */ = {
			isa = XCConfigurationList;
			buildConfigurations = (
				62C69EC328295B62004B8AE2 /* Debug */,
				62C69EC428295B62004B8AE2 /* Release */,
			);
			defaultConfigurationIsVisible = 0;
			defaultConfigurationName = Release;
		};
		62C69EC528295B62004B8AE2 /* Build configuration list for PBXNativeTarget "UI_1" */ = {
			isa = XCConfigurationList;
			buildConfigurations = (
				62C69EC628295B62004B8AE2 /* Debug */,
				62C69EC728295B62004B8AE2 /* Release */,
			);
			defaultConfigurationIsVisible = 0;
			defaultConfigurationName = Release;
		};
		62C69EC828295B62004B8AE2 /* Build configuration list for PBXNativeTarget "UI_1Tests" */ = {
			isa = XCConfigurationList;
			buildConfigurations = (
				62C69EC928295B62004B8AE2 /* Debug */,
				62C69ECA28295B62004B8AE2 /* Release */,
			);
			defaultConfigurationIsVisible = 0;
			defaultConfigurationName = Release;
		};
		62C69ECB28295B62004B8AE2 /* Build configuration list for PBXNativeTarget "UI_1UITests" */ = {
			isa = XCConfigurationList;
			buildConfigurations = (
				62C69ECC28295B62004B8AE2 /* Debug */,
				62C69ECD28295B62004B8AE2 /* Release */,
			);
			defaultConfigurationIsVisible = 0;
			defaultConfigurationName = Release;
		};
/* End XCConfigurationList section */
	};
	rootObject = 62C69E9928295B60004B8AE2 /* Project object */;
}
